
Microsoft Visual Studio Solution File, Format Version 12.00
# Visual Studio Version 17
VisualStudioVersion = 17.5.33424.131
MinimumVisualStudioVersion = 10.0.40219.1
Project("{FAE04EC0-301F-11D3-BF4B-00C04F79EFBC}") = "LambdaExpression_LinQ", "LambdaExpression_LinQ\LambdaExpression_LinQ.csproj", "{0F186258-9844-487B-B9AD-723C77F68A00}"
EndProject
Global
	GlobalSection(SolutionConfigurationPlatforms) = preSolution
		Debug|Any CPU = Debug|Any CPU
		Release|Any CPU = Release|Any CPU
	EndGlobalSection
	GlobalSection(ProjectConfigurationPlatforms) = postSolution
		{0F186258-9844-487B-B9AD-723C77F68A00}.Debug|Any CPU.ActiveCfg = Debug|Any CPU
		{0F186258-9844-487B-B9AD-723C77F68A00}.Debug|Any CPU.Build.0 = Debug|Any CPU
		{0F186258-9844-487B-B9AD-723C77F68A00}.Release|Any CPU.ActiveCfg = Release|Any CPU
		{0F186258-9844-487B-B9AD-723C77F68A00}.Release|Any CPU.Build.0 = Release|Any CPU
	EndGlobalSection
	GlobalSection(SolutionProperties) = preSolution
		HideSolutionNode = FALSE
	EndGlobalSection
	GlobalSection(ExtensibilityGlobals) = postSolution
		SolutionGuid = {D64F850C-F40D-4AA3-94FF-9E9308043442}
	EndGlobalSection
EndGlobal
